
Microsoft Visual Studio Solution File, Format Version 12.00
# Visual Studio Version 17
VisualStudioVersion = 17.4.33213.308
MinimumVisualStudioVersion = 10.0.40219.1
Project("{FAE04EC0-301F-11D3-BF4B-00C04F79EFBC}") = "ProyectNettApi", "ProyectNettApi.csproj", "{80E8F7AF-6AC9-42DF-A3FF-6438A0188F3F}"
EndProject
Global
	GlobalSection(SolutionConfigurationPlatforms) = preSolution
		Debug|Any CPU = Debug|Any CPU
		Release|Any CPU = Release|Any CPU
	EndGlobalSection
	GlobalSection(ProjectConfigurationPlatforms) = postSolution
		{80E8F7AF-6AC9-42DF-A3FF-6438A0188F3F}.Debug|Any CPU.ActiveCfg = Debug|Any CPU
		{80E8F7AF-6AC9-42DF-A3FF-6438A0188F3F}.Debug|Any CPU.Build.0 = Debug|Any CPU
		{80E8F7AF-6AC9-42DF-A3FF-6438A0188F3F}.Release|Any CPU.ActiveCfg = Release|Any CPU
		{80E8F7AF-6AC9-42DF-A3FF-6438A0188F3F}.Release|Any CPU.Build.0 = Release|Any CPU
	EndGlobalSection
	GlobalSection(SolutionProperties) = preSolution
		HideSolutionNode = FALSE
	EndGlobalSection
	GlobalSection(ExtensibilityGlobals) = postSolution
		SolutionGuid = {A6B4E75C-BF38-4CD7-99DE-6A22EF525636}
	EndGlobalSection
EndGlobal
